
Microsoft Visual Studio Solution File, Format Version 12.00
# Visual Studio Version 17
VisualStudioVersion = 17.4.33213.308
MinimumVisualStudioVersion = 10.0.40219.1
Project("{FAE04EC0-301F-11D3-BF4B-00C04F79EFBC}") = "AddOne", "AddOne\AddOne.csproj", "{750E1644-6D71-43A6-8774-0F019BD131DC}"
EndProject
Global
	GlobalSection(SolutionConfigurationPlatforms) = preSolution
		Debug|Any CPU = Debug|Any CPU
		Release|Any CPU = Release|Any CPU
	EndGlobalSection
	GlobalSection(ProjectConfigurationPlatforms) = postSolution
		{750E1644-6D71-43A6-8774-0F019BD131DC}.Debug|Any CPU.ActiveCfg = Debug|Any CPU
		{750E1644-6D71-43A6-8774-0F019BD131DC}.Debug|Any CPU.Build.0 = Debug|Any CPU
		{750E1644-6D71-43A6-8774-0F019BD131DC}.Release|Any CPU.ActiveCfg = Release|Any CPU
		{750E1644-6D71-43A6-8774-0F019BD131DC}.Release|Any CPU.Build.0 = Release|Any CPU
	EndGlobalSection
	GlobalSection(SolutionProperties) = preSolution
		HideSolutionNode = FALSE
	EndGlobalSection
	GlobalSection(ExtensibilityGlobals) = postSolution
		SolutionGuid = {EBC5BD5C-C776-4719-B15C-E2490BAE4680}
	EndGlobalSection
EndGlobal
