
Microsoft Visual Studio Solution File, Format Version 12.00
# Visual Studio Version 17
VisualStudioVersion = 17.4.33213.308
MinimumVisualStudioVersion = 10.0.40219.1
Project("{FAE04EC0-301F-11D3-BF4B-00C04F79EFBC}") = "Poly", "Poly\Poly.csproj", "{6BAB1764-3F5B-4BBE-8A95-9DD4877F677A}"
EndProject
Global
	GlobalSection(SolutionConfigurationPlatforms) = preSolution
		Debug|Any CPU = Debug|Any CPU
		Release|Any CPU = Release|Any CPU
	EndGlobalSection
	GlobalSection(ProjectConfigurationPlatforms) = postSolution
		{6BAB1764-3F5B-4BBE-8A95-9DD4877F677A}.Debug|Any CPU.ActiveCfg = Debug|Any CPU
		{6BAB1764-3F5B-4BBE-8A95-9DD4877F677A}.Debug|Any CPU.Build.0 = Debug|Any CPU
		{6BAB1764-3F5B-4BBE-8A95-9DD4877F677A}.Release|Any CPU.ActiveCfg = Release|Any CPU
		{6BAB1764-3F5B-4BBE-8A95-9DD4877F677A}.Release|Any CPU.Build.0 = Release|Any CPU
	EndGlobalSection
	GlobalSection(SolutionProperties) = preSolution
		HideSolutionNode = FALSE
	EndGlobalSection
	GlobalSection(ExtensibilityGlobals) = postSolution
		SolutionGuid = {3E5D9E2D-FE14-414E-AA8D-A07799E53CD8}
	EndGlobalSection
EndGlobal
