
Microsoft Visual Studio Solution File, Format Version 12.00
# Visual Studio Version 17
VisualStudioVersion = 17.4.33213.308
MinimumVisualStudioVersion = 10.0.40219.1
Project("{FAE04EC0-301F-11D3-BF4B-00C04F79EFBC}") = "Constructor", "Constructor\Constructor.csproj", "{13D94B70-2BBB-4180-879B-13756ADE18E8}"
EndProject
Global
	GlobalSection(SolutionConfigurationPlatforms) = preSolution
		Debug|Any CPU = Debug|Any CPU
		Release|Any CPU = Release|Any CPU
	EndGlobalSection
	GlobalSection(ProjectConfigurationPlatforms) = postSolution
		{13D94B70-2BBB-4180-879B-13756ADE18E8}.Debug|Any CPU.ActiveCfg = Debug|Any CPU
		{13D94B70-2BBB-4180-879B-13756ADE18E8}.Debug|Any CPU.Build.0 = Debug|Any CPU
		{13D94B70-2BBB-4180-879B-13756ADE18E8}.Release|Any CPU.ActiveCfg = Release|Any CPU
		{13D94B70-2BBB-4180-879B-13756ADE18E8}.Release|Any CPU.Build.0 = Release|Any CPU
	EndGlobalSection
	GlobalSection(SolutionProperties) = preSolution
		HideSolutionNode = FALSE
	EndGlobalSection
	GlobalSection(ExtensibilityGlobals) = postSolution
		SolutionGuid = {A70F1994-738F-4B09-BDBD-28EA82C86965}
	EndGlobalSection
EndGlobal
