
Microsoft Visual Studio Solution File, Format Version 12.00
# Visual Studio Version 17
VisualStudioVersion = 17.4.33213.308
MinimumVisualStudioVersion = 10.0.40219.1
Project("{FAE04EC0-301F-11D3-BF4B-00C04F79EFBC}") = "LeastSqaure1", "LeastSqaure1\LeastSqaure1.csproj", "{AB7EEFD1-8D1A-42A2-9233-768C58EA2118}"
EndProject
Global
	GlobalSection(SolutionConfigurationPlatforms) = preSolution
		Debug|Any CPU = Debug|Any CPU
		Release|Any CPU = Release|Any CPU
	EndGlobalSection
	GlobalSection(ProjectConfigurationPlatforms) = postSolution
		{AB7EEFD1-8D1A-42A2-9233-768C58EA2118}.Debug|Any CPU.ActiveCfg = Debug|Any CPU
		{AB7EEFD1-8D1A-42A2-9233-768C58EA2118}.Debug|Any CPU.Build.0 = Debug|Any CPU
		{AB7EEFD1-8D1A-42A2-9233-768C58EA2118}.Release|Any CPU.ActiveCfg = Release|Any CPU
		{AB7EEFD1-8D1A-42A2-9233-768C58EA2118}.Release|Any CPU.Build.0 = Release|Any CPU
	EndGlobalSection
	GlobalSection(SolutionProperties) = preSolution
		HideSolutionNode = FALSE
	EndGlobalSection
	GlobalSection(ExtensibilityGlobals) = postSolution
		SolutionGuid = {DF36157C-887E-481F-BBF4-B2E8B8C8FBAB}
	EndGlobalSection
EndGlobal
